// !$*UTF8*$!
{
	archiveVersion = 1;
	classes = {
	};
	objectVersion = 50;
	objects = {

/* Begin PBXBuildFile section */
		0A2C31D6ACADB9DC79D130C9 /* Pods_FlixAppTests.framework in Frameworks */ = {isa = PBXBuildFile; fileRef = E3C3CAAB3E459648D81C0CF7 /* Pods_FlixAppTests.framework */; };
		776825D774797B707C4F7C76 /* Pods_FlixApp_FlixAppUITests.framework in Frameworks */ = {isa = PBXBuildFile; fileRef = FE6F70603E2A822F4ADF42A6 /* Pods_FlixApp_FlixAppUITests.framework */; };
		D31D2EF11563BF80A00FAC70 /* Pods_FlixApp.framework in Frameworks */ = {isa = PBXBuildFile; fileRef = 0F6977051842BEE332B2CE35 /* Pods_FlixApp.framework */; };
		E9658696250488F3007ABD62 /* AppDelegate.swift in Sources */ = {isa = PBXBuildFile; fileRef = E9658695250488F3007ABD62 /* AppDelegate.swift */; };
		E9658698250488F3007ABD62 /* SceneDelegate.swift in Sources */ = {isa = PBXBuildFile; fileRef = E9658697250488F3007ABD62 /* SceneDelegate.swift */; };
		E965869A250488F3007ABD62 /* ViewController.swift in Sources */ = {isa = PBXBuildFile; fileRef = E9658699250488F3007ABD62 /* ViewController.swift */; };
		E965869D250488F3007ABD62 /* Main.storyboard in Resources */ = {isa = PBXBuildFile; fileRef = E965869B250488F3007ABD62 /* Main.storyboard */; };
		E965869F250488F4007ABD62 /* Assets.xcassets in Resources */ = {isa = PBXBuildFile; fileRef = E965869E250488F4007ABD62 /* Assets.xcassets */; };
		E96586A2250488F4007ABD62 /* LaunchScreen.storyboard in Resources */ = {isa = PBXBuildFile; fileRef = E96586A0250488F4007ABD62 /* LaunchScreen.storyboard */; };
		E96586AD250488F4007ABD62 /* FlixAppTests.swift in Sources */ = {isa = PBXBuildFile; fileRef = E96586AC250488F4007ABD62 /* FlixAppTests.swift */; };
		E96586B8250488F4007ABD62 /* FlixAppUITests.swift in Sources */ = {isa = PBXBuildFile; fileRef = E96586B7250488F4007ABD62 /* FlixAppUITests.swift */; };
		E96586C62504895D007ABD62 /* MoviesViewController.swift in Sources */ = {isa = PBXBuildFile; fileRef = E96586C52504895D007ABD62 /* MoviesViewController.swift */; };
		E96586C825048CF9007ABD62 /* MovieCell.swift in Sources */ = {isa = PBXBuildFile; fileRef = E96586C725048CF9007ABD62 /* MovieCell.swift */; };
/* End PBXBuildFile section */

/* Begin PBXContainerItemProxy section */
		E96586A9250488F4007ABD62 /* PBXContainerItemProxy */ = {
			isa = PBXContainerItemProxy;
			containerPortal = E965868A250488F3007ABD62 /* Project object */;
			proxyType = 1;
			remoteGlobalIDString = E9658691250488F3007ABD62;
			remoteInfo = FlixApp;
		};
		E96586B4250488F4007ABD62 /* PBXContainerItemProxy */ = {
			isa = PBXContainerItemProxy;
			containerPortal = E965868A250488F3007ABD62 /* Project object */;
			proxyType = 1;
			remoteGlobalIDString = E9658691250488F3007ABD62;
			remoteInfo = FlixApp;
		};
/* End PBXContainerItemProxy section */

/* Begin PBXFileReference section */
		0F6977051842BEE332B2CE35 /* Pods_FlixApp.framework */ = {isa = PBXFileReference; explicitFileType = wrapper.framework; includeInIndex = 0; path = Pods_FlixApp.framework; sourceTree = BUILT_PRODUCTS_DIR; };
		195E736311FE50F7D97306E5 /* Pods-FlixApp-FlixAppUITests.release.xcconfig */ = {isa = PBXFileReference; includeInIndex = 1; lastKnownFileType = text.xcconfig; name = "Pods-FlixApp-FlixAppUITests.release.xcconfig"; path = "Target Support Files/Pods-FlixApp-FlixAppUITests/Pods-FlixApp-FlixAppUITests.release.xcconfig"; sourceTree = "<group>"; };
		359114AB40AB599DAA3D8532 /* Pods-FlixApp.release.xcconfig */ = {isa = PBXFileReference; includeInIndex = 1; lastKnownFileType = text.xcconfig; name = "Pods-FlixApp.release.xcconfig"; path = "Target Support Files/Pods-FlixApp/Pods-FlixApp.release.xcconfig"; sourceTree = "<group>"; };
		7963735B94A335CE93801327 /* Pods-FlixApp.debug.xcconfig */ = {isa = PBXFileReference; includeInIndex = 1; lastKnownFileType = text.xcconfig; name = "Pods-FlixApp.debug.xcconfig"; path = "Target Support Files/Pods-FlixApp/Pods-FlixApp.debug.xcconfig"; sourceTree = "<group>"; };
		91A8B1325A36A4FF27E3518F /* Pods-FlixAppTests.debug.xcconfig */ = {isa = PBXFileReference; includeInIndex = 1; lastKnownFileType = text.xcconfig; name = "Pods-FlixAppTests.debug.xcconfig"; path = "Target Support Files/Pods-FlixAppTests/Pods-FlixAppTests.debug.xcconfig"; sourceTree = "<group>"; };
		93AF91EFEAFCFE5D7C02E830 /* Pods-FlixAppTests.release.xcconfig */ = {isa = PBXFileReference; includeInIndex = 1; lastKnownFileType = text.xcconfig; name = "Pods-FlixAppTests.release.xcconfig"; path = "Target Support Files/Pods-FlixAppTests/Pods-FlixAppTests.release.xcconfig"; sourceTree = "<group>"; };
		CD684CE8EBE7A126F4730F49 /* Pods-FlixApp-FlixAppUITests.debug.xcconfig */ = {isa = PBXFileReference; includeInIndex = 1; lastKnownFileType = text.xcconfig; name = "Pods-FlixApp-FlixAppUITests.debug.xcconfig"; path = "Target Support Files/Pods-FlixApp-FlixAppUITests/Pods-FlixApp-FlixAppUITests.debug.xcconfig"; sourceTree = "<group>"; };
		E3C3CAAB3E459648D81C0CF7 /* Pods_FlixAppTests.framework */ = {isa = PBXFileReference; explicitFileType = wrapper.framework; includeInIndex = 0; path = Pods_FlixAppTests.framework; sourceTree = BUILT_PRODUCTS_DIR; };
		E9658692250488F3007ABD62 /* FlixApp.app */ = {isa = PBXFileReference; explicitFileType = wrapper.application; includeInIndex = 0; path = FlixApp.app; sourceTree = BUILT_PRODUCTS_DIR; };
		E9658695250488F3007ABD62 /* AppDelegate.swift */ = {isa = PBXFileReference; lastKnownFileType = sourcecode.swift; path = AppDelegate.swift; sourceTree = "<group>"; };
		E9658697250488F3007ABD62 /* SceneDelegate.swift */ = {isa = PBXFileReference; lastKnownFileType = sourcecode.swift; path = SceneDelegate.swift; sourceTree = "<group>"; };
		E9658699250488F3007ABD62 /* ViewController.swift */ = {isa = PBXFileReference; lastKnownFileType = sourcecode.swift; path = ViewController.swift; sourceTree = "<group>"; };
		E965869C250488F3007ABD62 /* Base */ = {isa = PBXFileReference; lastKnownFileType = file.storyboard; name = Base; path = Base.lproj/Main.storyboard; sourceTree = "<group>"; };
		E965869E250488F4007ABD62 /* Assets.xcassets */ = {isa = PBXFileReference; lastKnownFileType = folder.assetcatalog; path = Assets.xcassets; sourceTree = "<group>"; };
		E96586A1250488F4007ABD62 /* Base */ = {isa = PBXFileReference; lastKnownFileType = file.storyboard; name = Base; path = Base.lproj/LaunchScreen.storyboard; sourceTree = "<group>"; };
		E96586A3250488F4007ABD62 /* Info.plist */ = {isa = PBXFileReference; lastKnownFileType = text.plist.xml; path = Info.plist; sourceTree = "<group>"; };
		E96586A8250488F4007ABD62 /* FlixAppTests.xctest */ = {isa = PBXFileReference; explicitFileType = wrapper.cfbundle; includeInIndex = 0; path = FlixAppTests.xctest; sourceTree = BUILT_PRODUCTS_DIR; };
		E96586AC250488F4007ABD62 /* FlixAppTests.swift */ = {isa = PBXFileReference; lastKnownFileType = sourcecode.swift; path = FlixAppTests.swift; sourceTree = "<group>"; };
		E96586AE250488F4007ABD62 /* Info.plist */ = {isa = PBXFileReference; lastKnownFileType = text.plist.xml; path = Info.plist; sourceTree = "<group>"; };
		E96586B3250488F4007ABD62 /* FlixAppUITests.xctest */ = {isa = PBXFileReference; explicitFileType = wrapper.cfbundle; includeInIndex = 0; path = FlixAppUITests.xctest; sourceTree = BUILT_PRODUCTS_DIR; };
		E96586B7250488F4007ABD62 /* FlixAppUITests.swift */ = {isa = PBXFileReference; lastKnownFileType = sourcecode.swift; path = FlixAppUITests.swift; sourceTree = "<group>"; };
		E96586B9250488F4007ABD62 /* Info.plist */ = {isa = PBXFileReference; lastKnownFileType = text.plist.xml; path = Info.plist; sourceTree = "<group>"; };
		E96586C52504895D007ABD62 /* MoviesViewController.swift */ = {isa = PBXFileReference; lastKnownFileType = sourcecode.swift; path = MoviesViewController.swift; sourceTree = "<group>"; };
		E96586C725048CF9007ABD62 /* MovieCell.swift */ = {isa = PBXFileReference; lastKnownFileType = sourcecode.swift; path = MovieCell.swift; sourceTree = "<group>"; };
		FE6F70603E2A822F4ADF42A6 /* Pods_FlixApp_FlixAppUITests.framework */ = {isa = PBXFileReference; explicitFileType = wrapper.framework; includeInIndex = 0; path = Pods_FlixApp_FlixAppUITests.framework; sourceTree = BUILT_PRODUCTS_DIR; };
/* End PBXFileReference section */

/* Begin PBXFrameworksBuildPhase section */
		E965868F250488F3007ABD62 /* Frameworks */ = {
			isa = PBXFrameworksBuildPhase;
			buildActionMask = 2147483647;
			files = (
				D31D2EF11563BF80A00FAC70 /* Pods_FlixApp.framework in Frameworks */,
			);
			runOnlyForDeploymentPostprocessing = 0;
		};
		E96586A5250488F4007ABD62 /* Frameworks */ = {
			isa = PBXFrameworksBuildPhase;
			buildActionMask = 2147483647;
			files = (
				0A2C31D6ACADB9DC79D130C9 /* Pods_FlixAppTests.framework in Frameworks */,
			);
			runOnlyForDeploymentPostprocessing = 0;
		};
		E96586B0250488F4007ABD62 /* Frameworks */ = {
			isa = PBXFrameworksBuildPhase;
			buildActionMask = 2147483647;
			files = (
				776825D774797B707C4F7C76 /* Pods_FlixApp_FlixAppUITests.framework in Frameworks */,
			);
			runOnlyForDeploymentPostprocessing = 0;
		};
/* End PBXFrameworksBuildPhase section */

/* Begin PBXGroup section */
		790CD24E63540389EF909B3E /* Pods */ = {
			isa = PBXGroup;
			children = (
				7963735B94A335CE93801327 /* Pods-FlixApp.debug.xcconfig */,
				359114AB40AB599DAA3D8532 /* Pods-FlixApp.release.xcconfig */,
				CD684CE8EBE7A126F4730F49 /* Pods-FlixApp-FlixAppUITests.debug.xcconfig */,
				195E736311FE50F7D97306E5 /* Pods-FlixApp-FlixAppUITests.release.xcconfig */,
				91A8B1325A36A4FF27E3518F /* Pods-FlixAppTests.debug.xcconfig */,
				93AF91EFEAFCFE5D7C02E830 /* Pods-FlixAppTests.release.xcconfig */,
			);
			name = Pods;
			path = Pods;
			sourceTree = "<group>";
		};
		947A801FEA0756B78C17D556 /* Frameworks */ = {
			isa = PBXGroup;
			children = (
				0F6977051842BEE332B2CE35 /* Pods_FlixApp.framework */,
				FE6F70603E2A822F4ADF42A6 /* Pods_FlixApp_FlixAppUITests.framework */,
				E3C3CAAB3E459648D81C0CF7 /* Pods_FlixAppTests.framework */,
			);
			name = Frameworks;
			sourceTree = "<group>";
		};
		E9658689250488F3007ABD62 = {
			isa = PBXGroup;
			children = (
				E9658694250488F3007ABD62 /* FlixApp */,
				E96586AB250488F4007ABD62 /* FlixAppTests */,
				E96586B6250488F4007ABD62 /* FlixAppUITests */,
				E9658693250488F3007ABD62 /* Products */,
				790CD24E63540389EF909B3E /* Pods */,
				947A801FEA0756B78C17D556 /* Frameworks */,
			);
			sourceTree = "<group>";
		};
		E9658693250488F3007ABD62 /* Products */ = {
			isa = PBXGroup;
			children = (
				E9658692250488F3007ABD62 /* FlixApp.app */,
				E96586A8250488F4007ABD62 /* FlixAppTests.xctest */,
				E96586B3250488F4007ABD62 /* FlixAppUITests.xctest */,
			);
			name = Products;
			sourceTree = "<group>";
		};
		E9658694250488F3007ABD62 /* FlixApp */ = {
			isa = PBXGroup;
			children = (
				E9658695250488F3007ABD62 /* AppDelegate.swift */,
				E9658697250488F3007ABD62 /* SceneDelegate.swift */,
				E9658699250488F3007ABD62 /* ViewController.swift */,
				E965869B250488F3007ABD62 /* Main.storyboard */,
				E965869E250488F4007ABD62 /* Assets.xcassets */,
				E96586A0250488F4007ABD62 /* LaunchScreen.storyboard */,
				E96586A3250488F4007ABD62 /* Info.plist */,
				E96586C52504895D007ABD62 /* MoviesViewController.swift */,
				E96586C725048CF9007ABD62 /* MovieCell.swift */,
			);
			path = FlixApp;
			sourceTree = "<group>";
		};
		E96586AB250488F4007ABD62 /* FlixAppTests */ = {
			isa = PBXGroup;
			children = (
				E96586AC250488F4007ABD62 /* FlixAppTests.swift */,
				E96586AE250488F4007ABD62 /* Info.plist */,
			);
			path = FlixAppTests;
			sourceTree = "<group>";
		};
		E96586B6250488F4007ABD62 /* FlixAppUITests */ = {
			isa = PBXGroup;
			children = (
				E96586B7250488F4007ABD62 /* FlixAppUITests.swift */,
				E96586B9250488F4007ABD62 /* Info.plist */,
			);
			path = FlixAppUITests;
			sourceTree = "<group>";
		};
/* End PBXGroup section */

/* Begin PBXNativeTarget section */
		E9658691250488F3007ABD62 /* FlixApp */ = {
			isa = PBXNativeTarget;
			buildConfigurationList = E96586BC250488F4007ABD62 /* Build configuration list for PBXNativeTarget "FlixApp" */;
			buildPhases = (
				81DE586EAEFE0C4A174B9F69 /* [CP] Check Pods Manifest.lock */,
				E965868E250488F3007ABD62 /* Sources */,
				E965868F250488F3007ABD62 /* Frameworks */,
				E9658690250488F3007ABD62 /* Resources */,
				8EF233539E7AA386876136E8 /* [CP] Embed Pods Frameworks */,
			);
			buildRules = (
			);
			dependencies = (
			);
			name = FlixApp;
			productName = FlixApp;
			productReference = E9658692250488F3007ABD62 /* FlixApp.app */;
			productType = "com.apple.product-type.application";
		};
		E96586A7250488F4007ABD62 /* FlixAppTests */ = {
			isa = PBXNativeTarget;
			buildConfigurationList = E96586BF250488F4007ABD62 /* Build configuration list for PBXNativeTarget "FlixAppTests" */;
			buildPhases = (
				EC8818708B3CB41DE44E5FFA /* [CP] Check Pods Manifest.lock */,
				E96586A4250488F4007ABD62 /* Sources */,
				E96586A5250488F4007ABD62 /* Frameworks */,
				E96586A6250488F4007ABD62 /* Resources */,
			);
			buildRules = (
			);
			dependencies = (
				E96586AA250488F4007ABD62 /* PBXTargetDependency */,
			);
			name = FlixAppTests;
			productName = FlixAppTests;
			productReference = E96586A8250488F4007ABD62 /* FlixAppTests.xctest */;
			productType = "com.apple.product-type.bundle.unit-test";
		};
		E96586B2250488F4007ABD62 /* FlixAppUITests */ = {
			isa = PBXNativeTarget;
			buildConfigurationList = E96586C2250488F4007ABD62 /* Build configuration list for PBXNativeTarget "FlixAppUITests" */;
			buildPhases = (
				A6C9CFB6DE367B8A4669C98D /* [CP] Check Pods Manifest.lock */,
				E96586AF250488F4007ABD62 /* Sources */,
				E96586B0250488F4007ABD62 /* Frameworks */,
				E96586B1250488F4007ABD62 /* Resources */,
				30BE77FA3B48396B656D7C1F /* [CP] Embed Pods Frameworks */,
			);
			buildRules = (
			);
			dependencies = (
				E96586B5250488F4007ABD62 /* PBXTargetDependency */,
			);
			name = FlixAppUITests;
			productName = FlixAppUITests;
			productReference = E96586B3250488F4007ABD62 /* FlixAppUITests.xctest */;
			productType = "com.apple.product-type.bundle.ui-testing";
		};
/* End PBXNativeTarget section */

/* Begin PBXProject section */
		E965868A250488F3007ABD62 /* Project object */ = {
			isa = PBXProject;
			attributes = {
				LastSwiftUpdateCheck = 1170;
				LastUpgradeCheck = 1170;
				ORGANIZATIONNAME = "Xavier Loera Flores";
				TargetAttributes = {
					E9658691250488F3007ABD62 = {
						CreatedOnToolsVersion = 11.7;
					};
					E96586A7250488F4007ABD62 = {
						CreatedOnToolsVersion = 11.7;
						TestTargetID = E9658691250488F3007ABD62;
					};
					E96586B2250488F4007ABD62 = {
						CreatedOnToolsVersion = 11.7;
						TestTargetID = E9658691250488F3007ABD62;
					};
				};
			};
			buildConfigurationList = E965868D250488F3007ABD62 /* Build configuration list for PBXProject "FlixApp" */;
			compatibilityVersion = "Xcode 9.3";
			developmentRegion = en;
			hasScannedForEncodings = 0;
			knownRegions = (
				en,
				Base,
			);
			mainGroup = E9658689250488F3007ABD62;
			productRefGroup = E9658693250488F3007ABD62 /* Products */;
			projectDirPath = "";
			projectRoot = "";
			targets = (
				E9658691250488F3007ABD62 /* FlixApp */,
				E96586A7250488F4007ABD62 /* FlixAppTests */,
				E96586B2250488F4007ABD62 /* FlixAppUITests */,
			);
		};
/* End PBXProject section */

/* Begin PBXResourcesBuildPhase section */
		E9658690250488F3007ABD62 /* Resources */ = {
			isa = PBXResourcesBuildPhase;
			buildActionMask = 2147483647;
			files = (
				E96586A2250488F4007ABD62 /* LaunchScreen.storyboard in Resources */,
				E965869F250488F4007ABD62 /* Assets.xcassets in Resources */,
				E965869D250488F3007ABD62 /* Main.storyboard in Resources */,
			);
			runOnlyForDeploymentPostprocessing = 0;
		};
		E96586A6250488F4007ABD62 /* Resources */ = {
			isa = PBXResourcesBuildPhase;
			buildActionMask = 2147483647;
			files = (
			);
			runOnlyForDeploymentPostprocessing = 0;
		};
		E96586B1250488F4007ABD62 /* Resources */ = {
			isa = PBXResourcesBuildPhase;
			buildActionMask = 2147483647;
			files = (
			);
			runOnlyForDeploymentPostprocessing = 0;
		};
/* End PBXResourcesBuildPhase section */

/* Begin PBXShellScriptBuildPhase section */
		30BE77FA3B48396B656D7C1F /* [CP] Embed Pods Frameworks */ = {
			isa = PBXShellScriptBuildPhase;
			buildActionMask = 2147483647;
			files = (
			);
			inputFileListPaths = (
				"${PODS_ROOT}/Target Support Files/Pods-FlixApp-FlixAppUITests/Pods-FlixApp-FlixAppUITests-frameworks-${CONFIGURATION}-input-files.xcfilelist",
			);
			name = "[CP] Embed Pods Frameworks";
			outputFileListPaths = (
				"${PODS_ROOT}/Target Support Files/Pods-FlixApp-FlixAppUITests/Pods-FlixApp-FlixAppUITests-frameworks-${CONFIGURATION}-output-files.xcfilelist",
			);
			runOnlyForDeploymentPostprocessing = 0;
			shellPath = /bin/sh;
			shellScript = "\"${PODS_ROOT}/Target Support Files/Pods-FlixApp-FlixAppUITests/Pods-FlixApp-FlixAppUITests-frameworks.sh\"\n";
			showEnvVarsInLog = 0;
		};
		81DE586EAEFE0C4A174B9F69 /* [CP] Check Pods Manifest.lock */ = {
			isa = PBXShellScriptBuildPhase;
			buildActionMask = 2147483647;
			files = (
			);
			inputFileListPaths = (
			);
			inputPaths = (
				"${PODS_PODFILE_DIR_PATH}/Podfile.lock",
				"${PODS_ROOT}/Manifest.lock",
			);
			name = "[CP] Check Pods Manifest.lock";
			outputFileListPaths = (
			);
			outputPaths = (
				"$(DERIVED_FILE_DIR)/Pods-FlixApp-checkManifestLockResult.txt",
			);
			runOnlyForDeploymentPostprocessing = 0;
			shellPath = /bin/sh;
			shellScript = "diff \"${PODS_PODFILE_DIR_PATH}/Podfile.lock\" \"${PODS_ROOT}/Manifest.lock\" > /dev/null\nif [ $? != 0 ] ; then\n    # print error to STDERR\n    echo \"error: The sandbox is not in sync with the Podfile.lock. Run 'pod install' or update your CocoaPods installation.\" >&2\n    exit 1\nfi\n# This output is used by Xcode 'outputs' to avoid re-running this script phase.\necho \"SUCCESS\" > \"${SCRIPT_OUTPUT_FILE_0}\"\n";
			showEnvVarsInLog = 0;
		};
		8EF233539E7AA386876136E8 /* [CP] Embed Pods Frameworks */ = {
			isa = PBXShellScriptBuildPhase;
			buildActionMask = 2147483647;
			files = (
			);
			inputFileListPaths = (
				"${PODS_ROOT}/Target Support Files/Pods-FlixApp/Pods-FlixApp-frameworks-${CONFIGURATION}-input-files.xcfilelist",
			);
			name = "[CP] Embed Pods Frameworks";
			outputFileListPaths = (
				"${PODS_ROOT}/Target Support Files/Pods-FlixApp/Pods-FlixApp-frameworks-${CONFIGURATION}-output-files.xcfilelist",
			);
			runOnlyForDeploymentPostprocessing = 0;
			shellPath = /bin/sh;
			shellScript = "\"${PODS_ROOT}/Target Support Files/Pods-FlixApp/Pods-FlixApp-frameworks.sh\"\n";
			showEnvVarsInLog = 0;
		};
		A6C9CFB6DE367B8A4669C98D /* [CP] Check Pods Manifest.lock */ = {
			isa = PBXShellScriptBuildPhase;
			buildActionMask = 2147483647;
			files = (
			);
			inputFileListPaths = (
			);
			inputPaths = (
				"${PODS_PODFILE_DIR_PATH}/Podfile.lock",
				"${PODS_ROOT}/Manifest.lock",
			);
			name = "[CP] Check Pods Manifest.lock";
			outputFileListPaths = (
			);
			outputPaths = (
				"$(DERIVED_FILE_DIR)/Pods-FlixApp-FlixAppUITests-checkManifestLockResult.txt",
			);
			runOnlyForDeploymentPostprocessing = 0;
			shellPath = /bin/sh;
			shellScript = "diff \"${PODS_PODFILE_DIR_PATH}/Podfile.lock\" \"${PODS_ROOT}/Manifest.lock\" > /dev/null\nif [ $? != 0 ] ; then\n    # print error to STDERR\n    echo \"error: The sandbox is not in sync with the Podfile.lock. Run 'pod install' or update your CocoaPods installation.\" >&2\n    exit 1\nfi\n# This output is used by Xcode 'outputs' to avoid re-running this script phase.\necho \"SUCCESS\" > \"${SCRIPT_OUTPUT_FILE_0}\"\n";
			showEnvVarsInLog = 0;
		};
		EC8818708B3CB41DE44E5FFA /* [CP] Check Pods Manifest.lock */ = {
			isa = PBXShellScriptBuildPhase;
			buildActionMask = 2147483647;
			files = (
			);
			inputFileListPaths = (
			);
			inputPaths = (
				"${PODS_PODFILE_DIR_PATH}/Podfile.lock",
				"${PODS_ROOT}/Manifest.lock",
			);
			name = "[CP] Check Pods Manifest.lock";
			outputFileListPaths = (
			);
			outputPaths = (
				"$(DERIVED_FILE_DIR)/Pods-FlixAppTests-checkManifestLockResult.txt",
			);
			runOnlyForDeploymentPostprocessing = 0;
			shellPath = /bin/sh;
			shellScript = "diff \"${PODS_PODFILE_DIR_PATH}/Podfile.lock\" \"${PODS_ROOT}/Manifest.lock\" > /dev/null\nif [ $? != 0 ] ; then\n    # print error to STDERR\n    echo \"error: The sandbox is not in sync with the Podfile.lock. Run 'pod install' or update your CocoaPods installation.\" >&2\n    exit 1\nfi\n# This output is used by Xcode 'outputs' to avoid re-running this script phase.\necho \"SUCCESS\" > \"${SCRIPT_OUTPUT_FILE_0}\"\n";
			showEnvVarsInLog = 0;
		};
/* End PBXShellScriptBuildPhase section */

/* Begin PBXSourcesBuildPhase section */
		E965868E250488F3007ABD62 /* Sources */ = {
			isa = PBXSourcesBuildPhase;
			buildActionMask = 2147483647;
			files = (
				E965869A250488F3007ABD62 /* ViewController.swift in Sources */,
				E9658696250488F3007ABD62 /* AppDelegate.swift in Sources */,
				E9658698250488F3007ABD62 /* SceneDelegate.swift in Sources */,
				E96586C825048CF9007ABD62 /* MovieCell.swift in Sources */,
				E96586C62504895D007ABD62 /* MoviesViewController.swift in Sources */,
			);
			runOnlyForDeploymentPostprocessing = 0;
		};
		E96586A4250488F4007ABD62 /* Sources */ = {
			isa = PBXSourcesBuildPhase;
			buildActionMask = 2147483647;
			files = (
				E96586AD250488F4007ABD62 /* FlixAppTests.swift in Sources */,
			);
			runOnlyForDeploymentPostprocessing = 0;
		};
		E96586AF250488F4007ABD62 /* Sources */ = {
			isa = PBXSourcesBuildPhase;
			buildActionMask = 2147483647;
			files = (
				E96586B8250488F4007ABD62 /* FlixAppUITests.swift in Sources */,
			);
			runOnlyForDeploymentPostprocessing = 0;
		};
/* End PBXSourcesBuildPhase section */

/* Begin PBXTargetDependency section */
		E96586AA250488F4007ABD62 /* PBXTargetDependency */ = {
			isa = PBXTargetDependency;
			target = E9658691250488F3007ABD62 /* FlixApp */;
			targetProxy = E96586A9250488F4007ABD62 /* PBXContainerItemProxy */;
		};
		E96586B5250488F4007ABD62 /* PBXTargetDependency */ = {
			isa = PBXTargetDependency;
			target = E9658691250488F3007ABD62 /* FlixApp */;
			targetProxy = E96586B4250488F4007ABD62 /* PBXContainerItemProxy */;
		};
/* End PBXTargetDependency section */

/* Begin PBXVariantGroup section */
		E965869B250488F3007ABD62 /* Main.storyboard */ = {
			isa = PBXVariantGroup;
			children = (
				E965869C250488F3007ABD62 /* Base */,
			);
			name = Main.storyboard;
			sourceTree = "<group>";
		};
		E96586A0250488F4007ABD62 /* LaunchScreen.storyboard */ = {
			isa = PBXVariantGroup;
			children = (
				E96586A1250488F4007ABD62 /* Base */,
			);
			name = LaunchScreen.storyboard;
			sourceTree = "<group>";
		};
/* End PBXVariantGroup section */

/* Begin XCBuildConfiguration section */
		E96586BA250488F4007ABD62 /* Debug */ = {
			isa = XCBuildConfiguration;
			buildSettings = {
				ALWAYS_SEARCH_USER_PATHS = NO;
				CLANG_ANALYZER_NONNULL = YES;
				CLANG_ANALYZER_NUMBER_OBJECT_CONVERSION = YES_AGGRESSIVE;
				CLANG_CXX_LANGUAGE_STANDARD = "gnu++14";
				CLANG_CXX_LIBRARY = "libc++";
				CLANG_ENABLE_MODULES = YES;
				CLANG_ENABLE_OBJC_ARC = YES;
				CLANG_ENABLE_OBJC_WEAK = YES;
				CLANG_WARN_BLOCK_CAPTURE_AUTORELEASING = YES;
				CLANG_WARN_BOOL_CONVERSION = YES;
				CLANG_WARN_COMMA = YES;
				CLANG_WARN_CONSTANT_CONVERSION = YES;
				CLANG_WARN_DEPRECATED_OBJC_IMPLEMENTATIONS = YES;
				CLANG_WARN_DIRECT_OBJC_ISA_USAGE = YES_ERROR;
				CLANG_WARN_DOCUMENTATION_COMMENTS = YES;
				CLANG_WARN_EMPTY_BODY = YES;
				CLANG_WARN_ENUM_CONVERSION = YES;
				CLANG_WARN_INFINITE_RECURSION = YES;
				CLANG_WARN_INT_CONVERSION = YES;
				CLANG_WARN_NON_LITERAL_NULL_CONVERSION = YES;
				CLANG_WARN_OBJC_IMPLICIT_RETAIN_SELF = YES;
				CLANG_WARN_OBJC_LITERAL_CONVERSION = YES;
				CLANG_WARN_OBJC_ROOT_CLASS = YES_ERROR;
				CLANG_WARN_RANGE_LOOP_ANALYSIS = YES;
				CLANG_WARN_STRICT_PROTOTYPES = YES;
				CLANG_WARN_SUSPICIOUS_MOVE = YES;
				CLANG_WARN_UNGUARDED_AVAILABILITY = YES_AGGRESSIVE;
				CLANG_WARN_UNREACHABLE_CODE = YES;
				CLANG_WARN__DUPLICATE_METHOD_MATCH = YES;
				COPY_PHASE_STRIP = NO;
				DEBUG_INFORMATION_FORMAT = dwarf;
				ENABLE_STRICT_OBJC_MSGSEND = YES;
				ENABLE_TESTABILITY = YES;
				GCC_C_LANGUAGE_STANDARD = gnu11;
				GCC_DYNAMIC_NO_PIC = NO;
				GCC_NO_COMMON_BLOCKS = YES;
				GCC_OPTIMIZATION_LEVEL = 0;
				GCC_PREPROCESSOR_DEFINITIONS = (
					"DEBUG=1",
					"$(inherited)",
				);
				GCC_WARN_64_TO_32_BIT_CONVERSION = YES;
				GCC_WARN_ABOUT_RETURN_TYPE = YES_ERROR;
				GCC_WARN_UNDECLARED_SELECTOR = YES;
				GCC_WARN_UNINITIALIZED_AUTOS = YES_AGGRESSIVE;
				GCC_WARN_UNUSED_FUNCTION = YES;
				GCC_WARN_UNUSED_VARIABLE = YES;
				IPHONEOS_DEPLOYMENT_TARGET = 13.7;
				MTL_ENABLE_DEBUG_INFO = INCLUDE_SOURCE;
				MTL_FAST_MATH = YES;
				ONLY_ACTIVE_ARCH = YES;
				SDKROOT = iphoneos;
				SWIFT_ACTIVE_COMPILATION_CONDITIONS = DEBUG;
				SWIFT_OPTIMIZATION_LEVEL = "-Onone";
			};
			name = Debug;
		};
		E96586BB250488F4007ABD62 /* Release */ = {
			isa = XCBuildConfiguration;
			buildSettings = {
				ALWAYS_SEARCH_USER_PATHS = NO;
				CLANG_ANALYZER_NONNULL = YES;
				CLANG_ANALYZER_NUMBER_OBJECT_CONVERSION = YES_AGGRESSIVE;
				CLANG_CXX_LANGUAGE_STANDARD = "gnu++14";
				CLANG_CXX_LIBRARY = "libc++";
				CLANG_ENABLE_MODULES = YES;
				CLANG_ENABLE_OBJC_ARC = YES;
				CLANG_ENABLE_OBJC_WEAK = YES;
				CLANG_WARN_BLOCK_CAPTURE_AUTORELEASING = YES;
				CLANG_WARN_BOOL_CONVERSION = YES;
				CLANG_WARN_COMMA = YES;
				CLANG_WARN_CONSTANT_CONVERSION = YES;
				CLANG_WARN_DEPRECATED_OBJC_IMPLEMENTATIONS = YES;
				CLANG_WARN_DIRECT_OBJC_ISA_USAGE = YES_ERROR;
				CLANG_WARN_DOCUMENTATION_COMMENTS = YES;
				CLANG_WARN_EMPTY_BODY = YES;
				CLANG_WARN_ENUM_CONVERSION = YES;
				CLANG_WARN_INFINITE_RECURSION = YES;
				CLANG_WARN_INT_CONVERSION = YES;
				CLANG_WARN_NON_LITERAL_NULL_CONVERSION = YES;
				CLANG_WARN_OBJC_IMPLICIT_RETAIN_SELF = YES;
				CLANG_WARN_OBJC_LITERAL_CONVERSION = YES;
				CLANG_WARN_OBJC_ROOT_CLASS = YES_ERROR;
				CLANG_WARN_RANGE_LOOP_ANALYSIS = YES;
				CLANG_WARN_STRICT_PROTOTYPES = YES;
				CLANG_WARN_SUSPICIOUS_MOVE = YES;
				CLANG_WARN_UNGUARDED_AVAILABILITY = YES_AGGRESSIVE;
				CLANG_WARN_UNREACHABLE_CODE = YES;
				CLANG_WARN__DUPLICATE_METHOD_MATCH = YES;
				COPY_PHASE_STRIP = NO;
				DEBUG_INFORMATION_FORMAT = "dwarf-with-dsym";
				ENABLE_NS_ASSERTIONS = NO;
				ENABLE_STRICT_OBJC_MSGSEND = YES;
				GCC_C_LANGUAGE_STANDARD = gnu11;
				GCC_NO_COMMON_BLOCKS = YES;
				GCC_WARN_64_TO_32_BIT_CONVERSION = YES;
				GCC_WARN_ABOUT_RETURN_TYPE = YES_ERROR;
				GCC_WARN_UNDECLARED_SELECTOR = YES;
				GCC_WARN_UNINITIALIZED_AUTOS = YES_AGGRESSIVE;
				GCC_WARN_UNUSED_FUNCTION = YES;
				GCC_WARN_UNUSED_VARIABLE = YES;
				IPHONEOS_DEPLOYMENT_TARGET = 13.7;
				MTL_ENABLE_DEBUG_INFO = NO;
				MTL_FAST_MATH = YES;
				SDKROOT = iphoneos;
				SWIFT_COMPILATION_MODE = wholemodule;
				SWIFT_OPTIMIZATION_LEVEL = "-O";
				VALIDATE_PRODUCT = YES;
			};
			name = Release;
		};
		E96586BD250488F4007ABD62 /* Debug */ = {
			isa = XCBuildConfiguration;
			baseConfigurationReference = 7963735B94A335CE93801327 /* Pods-FlixApp.debug.xcconfig */;
			buildSettings = {
				ASSETCATALOG_COMPILER_APPICON_NAME = AppIcon;
				CODE_SIGN_STYLE = Automatic;
				INFOPLIST_FILE = FlixApp/Info.plist;
				LD_RUNPATH_SEARCH_PATHS = (
					"$(inherited)",
					"@executable_path/Frameworks",
				);
				PRODUCT_BUNDLE_IDENTIFIER = XavierLoeraFlores.FlixApp;
				PRODUCT_NAME = "$(TARGET_NAME)";
				SWIFT_VERSION = 5.0;
				TARGETED_DEVICE_FAMILY = "1,2";
			};
			name = Debug;
		};
		E96586BE250488F4007ABD62 /* Release */ = {
			isa = XCBuildConfiguration;
			baseConfigurationReference = 359114AB40AB599DAA3D8532 /* Pods-FlixApp.release.xcconfig */;
			buildSettings = {
				ASSETCATALOG_COMPILER_APPICON_NAME = AppIcon;
				CODE_SIGN_STYLE = Automatic;
				INFOPLIST_FILE = FlixApp/Info.plist;
				LD_RUNPATH_SEARCH_PATHS = (
					"$(inherited)",
					"@executable_path/Frameworks",
				);
				PRODUCT_BUNDLE_IDENTIFIER = XavierLoeraFlores.FlixApp;
				PRODUCT_NAME = "$(TARGET_NAME)";
				SWIFT_VERSION = 5.0;
				TARGETED_DEVICE_FAMILY = "1,2";
			};
			name = Release;
		};
		E96586C0250488F4007ABD62 /* Debug */ = {
			isa = XCBuildConfiguration;
			baseConfigurationReference = 91A8B1325A36A4FF27E3518F /* Pods-FlixAppTests.debug.xcconfig */;
			buildSettings = {
				ALWAYS_EMBED_SWIFT_STANDARD_LIBRARIES = YES;
				BUNDLE_LOADER = "$(TEST_HOST)";
				CODE_SIGN_STYLE = Automatic;
				INFOPLIST_FILE = FlixAppTests/Info.plist;
				IPHONEOS_DEPLOYMENT_TARGET = 13.7;
				LD_RUNPATH_SEARCH_PATHS = (
					"$(inherited)",
					"@executable_path/Frameworks",
					"@loader_path/Frameworks",
				);
				PRODUCT_BUNDLE_IDENTIFIER = XavierLoeraFlores.FlixAppTests;
				PRODUCT_NAME = "$(TARGET_NAME)";
				SWIFT_VERSION = 5.0;
				TARGETED_DEVICE_FAMILY = "1,2";
				TEST_HOST = "$(BUILT_PRODUCTS_DIR)/FlixApp.app/FlixApp";
			};
			name = Debug;
		};
		E96586C1250488F4007ABD62 /* Release */ = {
			isa = XCBuildConfiguration;
			baseConfigurationReference = 93AF91EFEAFCFE5D7C02E830 /* Pods-FlixAppTests.release.xcconfig */;
			buildSettings = {
				ALWAYS_EMBED_SWIFT_STANDARD_LIBRARIES = YES;
				BUNDLE_LOADER = "$(TEST_HOST)";
				CODE_SIGN_STYLE = Automatic;
				INFOPLIST_FILE = FlixAppTests/Info.plist;
				IPHONEOS_DEPLOYMENT_TARGET = 13.7;
				LD_RUNPATH_SEARCH_PATHS = (
					"$(inherited)",
					"@executable_path/Frameworks",
					"@loader_path/Frameworks",
				);
				PRODUCT_BUNDLE_IDENTIFIER = XavierLoeraFlores.FlixAppTests;
				PRODUCT_NAME = "$(TARGET_NAME)";
				SWIFT_VERSION = 5.0;
				TARGETED_DEVICE_FAMILY = "1,2";
				TEST_HOST = "$(BUILT_PRODUCTS_DIR)/FlixApp.app/FlixApp";
			};
			name = Release;
		};
		E96586C3250488F4007ABD62 /* Debug */ = {
			isa = XCBuildConfiguration;
			baseConfigurationReference = CD684CE8EBE7A126F4730F49 /* Pods-FlixApp-FlixAppUITests.debug.xcconfig */;
			buildSettings = {
				ALWAYS_EMBED_SWIFT_STANDARD_LIBRARIES = YES;
				CODE_SIGN_STYLE = Automatic;
				INFOPLIST_FILE = FlixAppUITests/Info.plist;
				LD_RUNPATH_SEARCH_PATHS = (
					"$(inherited)",
					"@executable_path/Frameworks",
					"@loader_path/Frameworks",
				);
				PRODUCT_BUNDLE_IDENTIFIER = XavierLoeraFlores.FlixAppUITests;
				PRODUCT_NAME = "$(TARGET_NAME)";
				SWIFT_VERSION = 5.0;
				TARGETED_DEVICE_FAMILY = "1,2";
				TEST_TARGET_NAME = FlixApp;
			};
			name = Debug;
		};
		E96586C4250488F4007ABD62 /* Release */ = {
			isa = XCBuildConfiguration;
			baseConfigurationReference = 195E736311FE50F7D97306E5 /* Pods-FlixApp-FlixAppUITests.release.xcconfig */;
			buildSettings = {
				ALWAYS_EMBED_SWIFT_STANDARD_LIBRARIES = YES;
				CODE_SIGN_STYLE = Automatic;
				INFOPLIST_FILE = FlixAppUITests/Info.plist;
				LD_RUNPATH_SEARCH_PATHS = (
					"$(inherited)",
					"@executable_path/Frameworks",
					"@loader_path/Frameworks",
				);
				PRODUCT_BUNDLE_IDENTIFIER = XavierLoeraFlores.FlixAppUITests;
				PRODUCT_NAME = "$(TARGET_NAME)";
				SWIFT_VERSION = 5.0;
				TARGETED_DEVICE_FAMILY = "1,2";
				TEST_TARGET_NAME = FlixApp;
			};
			name = Release;
		};
/* End XCBuildConfiguration section */

/* Begin XCConfigurationList section */
		E965868D250488F3007ABD62 /* Build configuration list for PBXProject "FlixApp" */ = {
			isa = XCConfigurationList;
			buildConfigurations = (
				E96586BA250488F4007ABD62 /* Debug */,
				E96586BB250488F4007ABD62 /* Release */,
			);
			defaultConfigurationIsVisible = 0;
			defaultConfigurationName = Release;
		};
		E96586BC250488F4007ABD62 /* Build configuration list for PBXNativeTarget "FlixApp" */ = {
			isa = XCConfigurationList;
			buildConfigurations = (
				E96586BD250488F4007ABD62 /* Debug */,
				E96586BE250488F4007ABD62 /* Release */,
			);
			defaultConfigurationIsVisible = 0;
			defaultConfigurationName = Release;
		};
		E96586BF250488F4007ABD62 /* Build configuration list for PBXNativeTarget "FlixAppTests" */ = {
			isa = XCConfigurationList;
			buildConfigurations = (
				E96586C0250488F4007ABD62 /* Debug */,
				E96586C1250488F4007ABD62 /* Release */,
			);
			defaultConfigurationIsVisible = 0;
			defaultConfigurationName = Release;
		};
		E96586C2250488F4007ABD62 /* Build configuration list for PBXNativeTarget "FlixAppUITests" */ = {
			isa = XCConfigurationList;
			buildConfigurations = (
				E96586C3250488F4007ABD62 /* Debug */,
				E96586C4250488F4007ABD62 /* Release */,
			);
			defaultConfigurationIsVisible = 0;
			defaultConfigurationName = Release;
		};
/* End XCConfigurationList section */
	};
	rootObject = E965868A250488F3007ABD62 /* Project object */;
}
